
Microsoft Visual Studio Solution File, Format Version 12.00
# Visual Studio Version 16
VisualStudioVersion = 16.0.31702.278
MinimumVisualStudioVersion = 10.0.40219.1
Project("{FAE04EC0-301F-11D3-BF4B-00C04F79EFBC}") = "WpfApp4", "WpfApp4\WpfApp4.csproj", "{E6D82D1B-22AE-4C45-BD7B-844C9B55C608}"
EndProject
Global
	GlobalSection(SolutionConfigurationPlatforms) = preSolution
		Debug|Any CPU = Debug|Any CPU
		Release|Any CPU = Release|Any CPU
	EndGlobalSection
	GlobalSection(ProjectConfigurationPlatforms) = postSolution
		{E6D82D1B-22AE-4C45-BD7B-844C9B55C608}.Debug|Any CPU.ActiveCfg = Debug|Any CPU
		{E6D82D1B-22AE-4C45-BD7B-844C9B55C608}.Debug|Any CPU.Build.0 = Debug|Any CPU
		{E6D82D1B-22AE-4C45-BD7B-844C9B55C608}.Release|Any CPU.ActiveCfg = Release|Any CPU
		{E6D82D1B-22AE-4C45-BD7B-844C9B55C608}.Release|Any CPU.Build.0 = Release|Any CPU
	EndGlobalSection
	GlobalSection(SolutionProperties) = preSolution
		HideSolutionNode = FALSE
	EndGlobalSection
	GlobalSection(ExtensibilityGlobals) = postSolution
		SolutionGuid = {E8966CA3-0B8E-4CA7-999A-16C69F98F163}
	EndGlobalSection
EndGlobal
